{
  "version": 4,
  "terraform_version": "1.12.0",
  "serial": 29,
  "lineage": "0362f12b-a4e6-a749-b42d-ba7c42f5da50",
  "outputs": {
    "content": {
      "value": "Valor do output",
      "type": "string"
    },
    "data-source-result": {
      "value": "Valor do output",
      "type": "string"
    },
    "file-id": {
      "value": "630d8851ec1f909e4e41e608fd0f54763a612791",
      "type": "string"
    }
  },
  "resources": [
    {
      "mode": "data",
      "type": "local_file",
      "name": "exemplo",
      "provider": "provider[\"registry.terraform.io/hashicorp/local\"]",
      "instances": [
        {
          "schema_version": 0,
          "attributes": {
            "content": "Valor do output",
            "content_base64": "VmFsb3IgZG8gb3V0cHV0",
            "content_base64sha256": "KX17Qqt9DH4rBlAuvcICXr6teTzomKEMlQ618YR/niY=",
            "content_base64sha512": "3MHxamVV0QYtfN1F2dK3aIAaYemDK6vgBvaqfiqXhTVUwY84ImrQQWJK3JAVFr/np/CbZMGbzOHyaBpenTQTSw==",
            "content_md5": "21de515f85918b525bcf7425edee7d7c",
            "content_sha1": "630d8851ec1f909e4e41e608fd0f54763a612791",
            "content_sha256": "297d7b42ab7d0c7e2b06502ebdc2025ebead793ce898a10c950eb5f1847f9e26",
            "content_sha512": "dcc1f16a6555d1062d7cdd45d9d2b768801a61e9832babe006f6aa7e2a97853554c18f38226ad041624adc901516bfe7a7f09b64c19bcce1f2681a5e9d34134b",
            "filename": "exemplo.txt",
            "id": "630d8851ec1f909e4e41e608fd0f54763a612791"
          },
          "sensitive_attributes": [],
          "identity_schema_version": 0
        }
      ]
    },
    {
      "mode": "managed",
      "type": "local_file",
      "name": "exemplo",
      "provider": "provider[\"registry.terraform.io/hashicorp/local\"]",
      "instances": [
        {
          "schema_version": 0,
          "attributes": {
            "content": "Valor do output",
            "content_base64": null,
            "content_base64sha256": "KX17Qqt9DH4rBlAuvcICXr6teTzomKEMlQ618YR/niY=",
            "content_base64sha512": "3MHxamVV0QYtfN1F2dK3aIAaYemDK6vgBvaqfiqXhTVUwY84ImrQQWJK3JAVFr/np/CbZMGbzOHyaBpenTQTSw==",
            "content_md5": "21de515f85918b525bcf7425edee7d7c",
            "content_sha1": "630d8851ec1f909e4e41e608fd0f54763a612791",
            "content_sha256": "297d7b42ab7d0c7e2b06502ebdc2025ebead793ce898a10c950eb5f1847f9e26",
            "content_sha512": "dcc1f16a6555d1062d7cdd45d9d2b768801a61e9832babe006f6aa7e2a97853554c18f38226ad041624adc901516bfe7a7f09b64c19bcce1f2681a5e9d34134b",
            "directory_permission": "0777",
            "file_permission": "0777",
            "filename": "exemplo.txt",
            "id": "630d8851ec1f909e4e41e608fd0f54763a612791",
            "sensitive_content": null,
            "source": null
          },
          "sensitive_attributes": [
            [
              {
                "type": "get_attr",
                "value": "sensitive_content"
              }
            ]
          ],
          "identity_schema_version": 0
        }
      ]
    }
  ],
  "check_results": null
}
