{
  "version": 4,
  "terraform_version": "1.12.0",
  "serial": 4,
  "lineage": "0362f12b-a4e6-a749-b42d-ba7c42f5da50",
  "outputs": {},
  "resources": [
    {
      "mode": "managed",
      "type": "local_file",
      "name": "exemplo",
      "provider": "provider[\"registry.terraform.io/hashicorp/local\"]",
      "instances": [
        {
          "schema_version": 0,
          "attributes": {
            "content": "Hello, World Baby!",
            "content_base64": null,
            "content_base64sha256": "RQP89pl/UELtlv9aj+GNHbvF/5wR8hYEPjSL/tcWgCE=",
            "content_base64sha512": "QUUyGAw4swhaqNYykYBOtA6nf8GrppkYoH066GT2IdWX7q4zocLiSs+h1He0ch6XQxZYe3KmeT2uveA52BDANA==",
            "content_md5": "1c2d0fa5b1b510b624dc25343a965a23",
            "content_sha1": "799e432398c4e766c5a87e15aac8e644209ee9c7",
            "content_sha256": "4503fcf6997f5042ed96ff5a8fe18d1dbbc5ff9c11f216043e348bfed7168021",
            "content_sha512": "414532180c38b3085aa8d63291804eb40ea77fc1aba69918a07d3ae864f621d597eeae33a1c2e24acfa1d477b4721e974316587b72a6793daebde039d810c034",
            "directory_permission": "0777",
            "file_permission": "0777",
            "filename": "exemplo.txt",
            "id": "799e432398c4e766c5a87e15aac8e644209ee9c7",
            "sensitive_content": null,
            "source": null
          },
          "sensitive_attributes": [
            [
              {
                "type": "get_attr",
                "value": "sensitive_content"
              }
            ]
          ],
          "identity_schema_version": 0
        }
      ]
    }
  ],
  "check_results": null
}
